Microsoft Visual Studio Solution File, Format Version 12.00
# Visual Studio Version 16
VisualStudioVersion = 16.0.29201.188
MinimumVisualStudioVersion = 10.0.40219.1
Project("{FAE04EC0-301F-11D3-BF4B-00C04F79EFBC}") = "TransparentNavBarXForms.Android", "TransparentNavBarXForms.Android\TransparentNavBarXForms.Android.csproj", "{4802074B-529A-4C9C-809A-4BC8546A7ADD}"
EndProject
Project("{FAE04EC0-301F-11D3-BF4B-00C04F79EFBC}") = "TransparentNavBarXForms.iOS", "TransparentNavBarXForms.iOS\TransparentNavBarXForms.iOS.csproj", "{E63954BA-F2CC-4D51-A2D9-EFFDDB4FA818}"
EndProject
Project("{9A19103F-16F7-4668-BE54-9A1E7A4F7556}") = "TransparentNavBarXForms", "TransparentNavBarXForms\TransparentNavBarXForms.csproj", "{DC00FC9C-C45B-463A-B4FA-A93ADF903B13}"
EndProject
Global
	GlobalSection(SolutionConfigurationPlatforms) = preSolution
		Ad-Hoc|Any CPU = Ad-Hoc|Any CPU
		Ad-Hoc|iPhone = Ad-Hoc|iPhone
		Ad-Hoc|iPhoneSimulator = Ad-Hoc|iPhoneSimulator
		AppStore|Any CPU = AppStore|Any CPU
		AppStore|iPhone = AppStore|iPhone
		AppStore|iPhoneSimulator = AppStore|iPhoneSimulator
		Debug|Any CPU = Debug|Any CPU
		Debug|iPhone = Debug|iPhone
		Debug|iPhoneSimulator = Debug|iPhoneSimulator
		Release|Any CPU = Release|Any CPU
		Release|iPhone = Release|iPhone
		Release|iPhoneSimulator = Release|iPhoneSimulator
	EndGlobalSection
	GlobalSection(ProjectConfigurationPlatforms) = postSolution
		{4802074B-529A-4C9C-809A-4BC8546A7ADD}.Ad-Hoc|Any CPU.ActiveCfg = Release|Any CPU
		{4802074B-529A-4C9C-809A-4BC8546A7ADD}.Ad-Hoc|Any CPU.Build.0 = Release|Any CPU
		{4802074B-529A-4C9C-809A-4BC8546A7ADD}.Ad-Hoc|Any CPU.Deploy.0 = Release|Any CPU
		{4802074B-529A-4C9C-809A-4BC8546A7ADD}.Ad-Hoc|iPhone.ActiveCfg = Debug|Any CPU
		{4802074B-529A-4C9C-809A-4BC8546A7ADD}.Ad-Hoc|iPhone.Build.0 = Debug|Any CPU
		{4802074B-529A-4C9C-809A-4BC8546A7ADD}.Ad-Hoc|iPhoneSimulator.ActiveCfg = Release|Any CPU
		{4802074B-529A-4C9C-809A-4BC8546A7ADD}.Ad-Hoc|iPhoneSimulator.Build.0 = Release|Any CPU
		{4802074B-529A-4C9C-809A-4BC8546A7ADD}.Ad-Hoc|iPhoneSimulator.Deploy.0 = Release|Any CPU
		{4802074B-529A-4C9C-809A-4BC8546A7ADD}.AppStore|Any CPU.ActiveCfg = Release|Any CPU
		{4802074B-529A-4C9C-809A-4BC8546A7ADD}.AppStore|Any CPU.Build.0 = Release|Any CPU
		{4802074B-529A-4C9C-809A-4BC8546A7ADD}.AppStore|Any CPU.Deploy.0 = Release|Any CPU
		{4802074B-529A-4C9C-809A-4BC8546A7ADD}.AppStore|iPhone.ActiveCfg = Debug|Any CPU
		{4802074B-529A-4C9C-809A-4BC8546A7ADD}.AppStore|iPhone.Build.0 = Debug|Any CPU
		{4802074B-529A-4C9C-809A-4BC8546A7ADD}.AppStore|iPhoneSimulator.ActiveCfg = Release|Any CPU
		{4802074B-529A-4C9C-809A-4BC8546A7ADD}.AppStore|iPhoneSimulator.Build.0 = Release|Any CPU
		{4802074B-529A-4C9C-809A-4BC8546A7ADD}.AppStore|iPhoneSimulator.Deploy.0 = Release|Any CPU
		{4802074B-529A-4C9C-809A-4BC8546A7ADD}.Debug|Any CPU.ActiveCfg = Debug|Any CPU
		{4802074B-529A-4C9C-809A-4BC8546A7ADD}.Debug|Any CPU.Build.0 = Debug|Any CPU
		{4802074B-529A-4C9C-809A-4BC8546A7ADD}.Debug|iPhone.ActiveCfg = Debug|Any CPU
		{4802074B-529A-4C9C-809A-4BC8546A7ADD}.Debug|iPhone.Build.0 = Debug|Any CPU
		{4802074B-529A-4C9C-809A-4BC8546A7ADD}.Debug|iPhoneSimulator.ActiveCfg = Debug|Any CPU
		{4802074B-529A-4C9C-809A-4BC8546A7ADD}.Debug|iPhoneSimulator.Build.0 = Debug|Any CPU
		{4802074B-529A-4C9C-809A-4BC8546A7ADD}.Release|Any CPU.ActiveCfg = Release|Any CPU
		{4802074B-529A-4C9C-809A-4BC8546A7ADD}.Release|Any CPU.Build.0 = Release|Any CPU
		{4802074B-529A-4C9C-809A-4BC8546A7ADD}.Release|iPhone.ActiveCfg = Release|Any CPU
		{4802074B-529A-4C9C-809A-4BC8546A7ADD}.Release|iPhone.Build.0 = Release|Any CPU
		{4802074B-529A-4C9C-809A-4BC8546A7ADD}.Release|iPhoneSimulator.ActiveCfg = Release|Any CPU
		{4802074B-529A-4C9C-809A-4BC8546A7ADD}.Release|iPhoneSimulator.Build.0 = Release|Any CPU
		{E63954BA-F2CC-4D51-A2D9-EFFDDB4FA818}.Ad-Hoc|Any CPU.ActiveCfg = Ad-Hoc|iPhoneSimulator
		{E63954BA-F2CC-4D51-A2D9-EFFDDB4FA818}.Ad-Hoc|iPhone.ActiveCfg = Ad-Hoc|iPhone
		{E63954BA-F2CC-4D51-A2D9-EFFDDB4FA818}.Ad-Hoc|iPhone.Build.0 = Ad-Hoc|iPhone
		{E63954BA-F2CC-4D51-A2D9-EFFDDB4FA818}.Ad-Hoc|iPhoneSimulator.ActiveCfg = Ad-Hoc|iPhoneSimulator
		{E63954BA-F2CC-4D51-A2D9-EFFDDB4FA818}.Ad-Hoc|iPhoneSimulator.Build.0 = Ad-Hoc|iPhoneSimulator
		{E63954BA-F2CC-4D51-A2D9-EFFDDB4FA818}.AppStore|Any CPU.ActiveCfg = AppStore|iPhoneSimulator
		{E63954BA-F2CC-4D51-A2D9-EFFDDB4FA818}.AppStore|iPhone.ActiveCfg = AppStore|iPhone
		{E63954BA-F2CC-4D51-A2D9-EFFDDB4FA818}.AppStore|iPhone.Build.0 = AppStore|iPhone
		{E63954BA-F2CC-4D51-A2D9-EFFDDB4FA818}.AppStore|iPhoneSimulator.ActiveCfg = AppStore|iPhoneSimulator
		{E63954BA-F2CC-4D51-A2D9-EFFDDB4FA818}.AppStore|iPhoneSimulator.Build.0 = AppStore|iPhoneSimulator
		{E63954BA-F2CC-4D51-A2D9-EFFDDB4FA818}.Debug|Any CPU.ActiveCfg = Debug|iPhoneSimulator
		{E63954BA-F2CC-4D51-A2D9-EFFDDB4FA818}.Debug|Any CPU.Build.0 = Debug|iPhoneSimulator
		{E63954BA-F2CC-4D51-A2D9-EFFDDB4FA818}.Debug|iPhone.ActiveCfg = Debug|iPhone
		{E63954BA-F2CC-4D51-A2D9-EFFDDB4FA818}.Debug|iPhone.Build.0 = Debug|iPhone
		{E63954BA-F2CC-4D51-A2D9-EFFDDB4FA818}.Debug|iPhoneSimulator.ActiveCfg = Debug|iPhoneSimulator
		{E63954BA-F2CC-4D51-A2D9-EFFDDB4FA818}.Debug|iPhoneSimulator.Build.0 = Debug|iPhoneSimulator
		{E63954BA-F2CC-4D51-A2D9-EFFDDB4FA818}.Release|Any CPU.ActiveCfg = Release|iPhoneSimulator
		{E63954BA-F2CC-4D51-A2D9-EFFDDB4FA818}.Release|Any CPU.Build.0 = Release|iPhoneSimulator
		{E63954BA-F2CC-4D51-A2D9-EFFDDB4FA818}.Release|iPhone.ActiveCfg = Release|iPhone
		{E63954BA-F2CC-4D51-A2D9-EFFDDB4FA818}.Release|iPhone.Build.0 = Release|iPhone
		{E63954BA-F2CC-4D51-A2D9-EFFDDB4FA818}.Release|iPhoneSimulator.ActiveCfg = Release|iPhoneSimulator
		{E63954BA-F2CC-4D51-A2D9-EFFDDB4FA818}.Release|iPhoneSimulator.Build.0 = Release|iPhoneSimulator
		{DC00FC9C-C45B-463A-B4FA-A93ADF903B13}.Ad-Hoc|Any CPU.ActiveCfg = Release|Any CPU
		{DC00FC9C-C45B-463A-B4FA-A93ADF903B13}.Ad-Hoc|Any CPU.Build.0 = Release|Any CPU
		{DC00FC9C-C45B-463A-B4FA-A93ADF903B13}.Ad-Hoc|iPhone.ActiveCfg = Debug|Any CPU
		{DC00FC9C-C45B-463A-B4FA-A93ADF903B13}.Ad-Hoc|iPhone.Build.0 = Debug|Any CPU
		{DC00FC9C-C45B-463A-B4FA-A93ADF903B13}.Ad-Hoc|iPhoneSimulator.ActiveCfg = Release|Any CPU
		{DC00FC9C-C45B-463A-B4FA-A93ADF903B13}.Ad-Hoc|iPhoneSimulator.Build.0 = Release|Any CPU
		{DC00FC9C-C45B-463A-B4FA-A93ADF903B13}.AppStore|Any CPU.ActiveCfg = Release|Any CPU
		{DC00FC9C-C45B-463A-B4FA-A93ADF903B13}.AppStore|Any CPU.Build.0 = Release|Any CPU
		{DC00FC9C-C45B-463A-B4FA-A93ADF903B13}.AppStore|iPhone.ActiveCfg = Debug|Any CPU
		{DC00FC9C-C45B-463A-B4FA-A93ADF903B13}.AppStore|iPhone.Build.0 = Debug|Any CPU
		{DC00FC9C-C45B-463A-B4FA-A93ADF903B13}.AppStore|iPhoneSimulator.ActiveCfg = Release|Any CPU
		{DC00FC9C-C45B-463A-B4FA-A93ADF903B13}.AppStore|iPhoneSimulator.Build.0 = Release|Any CPU
		{DC00FC9C-C45B-463A-B4FA-A93ADF903B13}.Debug|Any CPU.ActiveCfg = Debug|Any CPU
		{DC00FC9C-C45B-463A-B4FA-A93ADF903B13}.Debug|Any CPU.Build.0 = Debug|Any CPU
		{DC00FC9C-C45B-463A-B4FA-A93ADF903B13}.Debug|iPhone.ActiveCfg = Debug|Any CPU
		{DC00FC9C-C45B-463A-B4FA-A93ADF903B13}.Debug|iPhone.Build.0 = Debug|Any CPU
		{DC00FC9C-C45B-463A-B4FA-A93ADF903B13}.Debug|iPhoneSimulator.ActiveCfg = Debug|Any CPU
		{DC00FC9C-C45B-463A-B4FA-A93ADF903B13}.Debug|iPhoneSimulator.Build.0 = Debug|Any CPU
		{DC00FC9C-C45B-463A-B4FA-A93ADF903B13}.Release|Any CPU.ActiveCfg = Release|Any CPU
		{DC00FC9C-C45B-463A-B4FA-A93ADF903B13}.Release|Any CPU.Build.0 = Release|Any CPU
		{DC00FC9C-C45B-463A-B4FA-A93ADF903B13}.Release|iPhone.ActiveCfg = Release|Any CPU
		{DC00FC9C-C45B-463A-B4FA-A93ADF903B13}.Release|iPhone.Build.0 = Release|Any CPU
		{DC00FC9C-C45B-463A-B4FA-A93ADF903B13}.Release|iPhoneSimulator.ActiveCfg = Release|Any CPU
		{DC00FC9C-C45B-463A-B4FA-A93ADF903B13}.Release|iPhoneSimulator.Build.0 = Release|Any CPU
	EndGlobalSection
	GlobalSection(SolutionProperties) = preSolution
		HideSolutionNode = FALSE
	EndGlobalSection
	GlobalSection(ExtensibilityGlobals) = postSolution
		SolutionGuid = {37CF0FFF-81BF-4C27-A0C5-24E621694919}
	EndGlobalSection
EndGlobal
